<?xml version="1.0" encoding="UTF-8"?>
<Scheme
   version = "1.3">
   <BuildAction>
      <BuildActionEntries>
         <BuildActionEntry
            buildForRunning = "YES">
            <BuildableReference
               BuildableIdentifier = "primary"
               BlueprintIdentifier = "164330F9C4667C5EB30E33E0"
               BuildableName = "FizzBuzz"
               BlueprintName = "FizzBuzz"
               ReferencedContainer = "container:FizzBuzz.xcodeproj">
            </BuildableReference>
         </BuildActionEntry>
      </BuildActionEntries>
   </BuildAction>
   <LaunchAction
      useCustomWorkingDirectory = "NO"
      buildConfiguration = "Debug">
      <BuildableProductRunnable>
         <BuildableReference
            BuildableIdentifier = "primary"
            BlueprintIdentifier = "164330F9C4667C5EB30E33E0"
            BuildableName = "FizzBuzz"
            BlueprintName = "FizzBuzz"
            ReferencedContainer = "container:FizzBuzz.xcodeproj">
         </BuildableReference>
      </BuildableProductRunnable>
   </LaunchAction>
</Scheme>
